
Microsoft Visual Studio Solution File, Format Version 12.00
# Visual Studio Version 17
VisualStudioVersion = 17.9.34723.18
MinimumVisualStudioVersion = 10.0.40219.1
Project("{FAE04EC0-301F-11D3-BF4B-00C04F79EFBC}") = "WinForms", "WinForms.csproj", "{B1CEDA77-7BF2-4E70-B072-00F54B452C82}"
EndProject
Global
	GlobalSection(SolutionConfigurationPlatforms) = preSolution
		Debug|Any CPU = Debug|Any CPU
		Release|Any CPU = Release|Any CPU
	EndGlobalSection
	GlobalSection(ProjectConfigurationPlatforms) = postSolution
		{B1CEDA77-7BF2-4E70-B072-00F54B452C82}.Debug|Any CPU.ActiveCfg = Debug|Any CPU
		{B1CEDA77-7BF2-4E70-B072-00F54B452C82}.Debug|Any CPU.Build.0 = Debug|Any CPU
		{B1CEDA77-7BF2-4E70-B072-00F54B452C82}.Release|Any CPU.ActiveCfg = Release|Any CPU
		{B1CEDA77-7BF2-4E70-B072-00F54B452C82}.Release|Any CPU.Build.0 = Release|Any CPU
	EndGlobalSection
	GlobalSection(SolutionProperties) = preSolution
		HideSolutionNode = FALSE
	EndGlobalSection
	GlobalSection(ExtensibilityGlobals) = postSolution
		SolutionGuid = {40626250-1D41-4965-82D6-CC6B2A6A7AF0}
	EndGlobalSection
EndGlobal
